
Microsoft Visual Studio Solution File, Format Version 12.00
# Visual Studio Version 16
VisualStudioVersion = 16.0.31702.278
MinimumVisualStudioVersion = 10.0.40219.1
Project("{FAE04EC0-301F-11D3-BF4B-00C04F79EFBC}") = "NeuralNetwork", "NeuralNetwork\NeuralNetwork.csproj", "{0C7D5146-9092-4BBF-878C-90110B9DF468}"
EndProject
Project("{FAE04EC0-301F-11D3-BF4B-00C04F79EFBC}") = "NeuralNetworkTests", "NeuralNetworkTests\NeuralNetworkTests.csproj", "{6D83068D-B48C-4B90-BA7B-24F7AAD870A1}"
EndProject
Project("{FAE04EC0-301F-11D3-BF4B-00C04F79EFBC}") = "TEST", "AIByMazeWithMatrix\TEST\TEST.csproj", "{FCDBDED1-86D5-4284-B04E-F8E381A1809E}"
EndProject
Global
	GlobalSection(SolutionConfigurationPlatforms) = preSolution
		Debug|Any CPU = Debug|Any CPU
		Release|Any CPU = Release|Any CPU
	EndGlobalSection
	GlobalSection(ProjectConfigurationPlatforms) = postSolution
		{0C7D5146-9092-4BBF-878C-90110B9DF468}.Debug|Any CPU.ActiveCfg = Debug|Any CPU
		{0C7D5146-9092-4BBF-878C-90110B9DF468}.Debug|Any CPU.Build.0 = Debug|Any CPU
		{0C7D5146-9092-4BBF-878C-90110B9DF468}.Release|Any CPU.ActiveCfg = Release|Any CPU
		{0C7D5146-9092-4BBF-878C-90110B9DF468}.Release|Any CPU.Build.0 = Release|Any CPU
		{6D83068D-B48C-4B90-BA7B-24F7AAD870A1}.Debug|Any CPU.ActiveCfg = Debug|Any CPU
		{6D83068D-B48C-4B90-BA7B-24F7AAD870A1}.Debug|Any CPU.Build.0 = Debug|Any CPU
		{6D83068D-B48C-4B90-BA7B-24F7AAD870A1}.Release|Any CPU.ActiveCfg = Release|Any CPU
		{6D83068D-B48C-4B90-BA7B-24F7AAD870A1}.Release|Any CPU.Build.0 = Release|Any CPU
		{FCDBDED1-86D5-4284-B04E-F8E381A1809E}.Debug|Any CPU.ActiveCfg = Debug|Any CPU
		{FCDBDED1-86D5-4284-B04E-F8E381A1809E}.Debug|Any CPU.Build.0 = Debug|Any CPU
		{FCDBDED1-86D5-4284-B04E-F8E381A1809E}.Release|Any CPU.ActiveCfg = Release|Any CPU
		{FCDBDED1-86D5-4284-B04E-F8E381A1809E}.Release|Any CPU.Build.0 = Release|Any CPU
	EndGlobalSection
	GlobalSection(SolutionProperties) = preSolution
		HideSolutionNode = FALSE
	EndGlobalSection
	GlobalSection(ExtensibilityGlobals) = postSolution
		SolutionGuid = {06C702C1-7834-4B38-B93A-0479968878A9}
	EndGlobalSection
EndGlobal
