
Microsoft Visual Studio Solution File, Format Version 12.00
# Visual Studio Version 16
VisualStudioVersion = 16.0.31729.503
MinimumVisualStudioVersion = 10.0.40219.1
Project("{FAE04EC0-301F-11D3-BF4B-00C04F79EFBC}") = "TEST", "TEST\TEST.csproj", "{FCDBDED1-86D5-4284-B04E-F8E381A1809E}"
EndProject
Project("{FAE04EC0-301F-11D3-BF4B-00C04F79EFBC}") = "TESTTests", "TESTTests\TESTTests.csproj", "{8B0A486E-36DD-42BB-8AB4-D81B6C4B4A34}"
EndProject
Global
	GlobalSection(SolutionConfigurationPlatforms) = preSolution
		Debug|Any CPU = Debug|Any CPU
		Release|Any CPU = Release|Any CPU
	EndGlobalSection
	GlobalSection(ProjectConfigurationPlatforms) = postSolution
		{FCDBDED1-86D5-4284-B04E-F8E381A1809E}.Debug|Any CPU.ActiveCfg = Debug|Any CPU
		{FCDBDED1-86D5-4284-B04E-F8E381A1809E}.Debug|Any CPU.Build.0 = Debug|Any CPU
		{FCDBDED1-86D5-4284-B04E-F8E381A1809E}.Release|Any CPU.ActiveCfg = Release|Any CPU
		{FCDBDED1-86D5-4284-B04E-F8E381A1809E}.Release|Any CPU.Build.0 = Release|Any CPU
		{8B0A486E-36DD-42BB-8AB4-D81B6C4B4A34}.Debug|Any CPU.ActiveCfg = Debug|Any CPU
		{8B0A486E-36DD-42BB-8AB4-D81B6C4B4A34}.Debug|Any CPU.Build.0 = Debug|Any CPU
		{8B0A486E-36DD-42BB-8AB4-D81B6C4B4A34}.Release|Any CPU.ActiveCfg = Release|Any CPU
		{8B0A486E-36DD-42BB-8AB4-D81B6C4B4A34}.Release|Any CPU.Build.0 = Release|Any CPU
	EndGlobalSection
	GlobalSection(SolutionProperties) = preSolution
		HideSolutionNode = FALSE
	EndGlobalSection
	GlobalSection(ExtensibilityGlobals) = postSolution
		SolutionGuid = {79351B8A-6C3E-459E-AAB4-10063D836998}
	EndGlobalSection
EndGlobal
